
Microsoft Visual Studio Solution File, Format Version 12.00
# Visual Studio Version 16
VisualStudioVersion = 16.0.30804.86
MinimumVisualStudioVersion = 10.0.40219.1
Project("{FAE04EC0-301F-11D3-BF4B-00C04F79EFBC}") = "AlbumiHarjoitus", "AlbumiHarjoitus\AlbumiHarjoitus.csproj", "{9E7B447E-098F-4506-B036-6EA69213B332}"
EndProject
Global
	GlobalSection(SolutionConfigurationPlatforms) = preSolution
		Debug|Any CPU = Debug|Any CPU
		Release|Any CPU = Release|Any CPU
	EndGlobalSection
	GlobalSection(ProjectConfigurationPlatforms) = postSolution
		{9E7B447E-098F-4506-B036-6EA69213B332}.Debug|Any CPU.ActiveCfg = Debug|Any CPU
		{9E7B447E-098F-4506-B036-6EA69213B332}.Debug|Any CPU.Build.0 = Debug|Any CPU
		{9E7B447E-098F-4506-B036-6EA69213B332}.Release|Any CPU.ActiveCfg = Release|Any CPU
		{9E7B447E-098F-4506-B036-6EA69213B332}.Release|Any CPU.Build.0 = Release|Any CPU
	EndGlobalSection
	GlobalSection(SolutionProperties) = preSolution
		HideSolutionNode = FALSE
	EndGlobalSection
	GlobalSection(ExtensibilityGlobals) = postSolution
		SolutionGuid = {EB9882BA-4594-457D-A17C-F81C6A9130C2}
	EndGlobalSection
EndGlobal
