
Microsoft Visual Studio Solution File, Format Version 12.00
# Visual Studio Version 16
VisualStudioVersion = 16.0.30804.86
MinimumVisualStudioVersion = 10.0.40219.1
Project("{FAE04EC0-301F-11D3-BF4B-00C04F79EFBC}") = "SaunaHarjoitus", "SaunaHarjoitus\SaunaHarjoitus.csproj", "{DC4F0C9A-3680-42AC-B329-D9482B3C60E6}"
EndProject
Global
	GlobalSection(SolutionConfigurationPlatforms) = preSolution
		Debug|Any CPU = Debug|Any CPU
		Release|Any CPU = Release|Any CPU
	EndGlobalSection
	GlobalSection(ProjectConfigurationPlatforms) = postSolution
		{DC4F0C9A-3680-42AC-B329-D9482B3C60E6}.Debug|Any CPU.ActiveCfg = Debug|Any CPU
		{DC4F0C9A-3680-42AC-B329-D9482B3C60E6}.Debug|Any CPU.Build.0 = Debug|Any CPU
		{DC4F0C9A-3680-42AC-B329-D9482B3C60E6}.Release|Any CPU.ActiveCfg = Release|Any CPU
		{DC4F0C9A-3680-42AC-B329-D9482B3C60E6}.Release|Any CPU.Build.0 = Release|Any CPU
	EndGlobalSection
	GlobalSection(SolutionProperties) = preSolution
		HideSolutionNode = FALSE
	EndGlobalSection
	GlobalSection(ExtensibilityGlobals) = postSolution
		SolutionGuid = {180ACABC-99D2-420B-8963-E582ED5E18FF}
	EndGlobalSection
EndGlobal
