
Microsoft Visual Studio Solution File, Format Version 12.00
# Visual Studio Version 16
VisualStudioVersion = 16.0.30804.86
MinimumVisualStudioVersion = 10.0.40219.1
Project("{FAE04EC0-301F-11D3-BF4B-00C04F79EFBC}") = "Harjoitus1 Auto", "Harjoitus1 Auto\Harjoitus1 Auto.csproj", "{43C4F4D4-8AC8-4EC2-8E16-AC3BEF343CD1}"
EndProject
Global
	GlobalSection(SolutionConfigurationPlatforms) = preSolution
		Debug|Any CPU = Debug|Any CPU
		Release|Any CPU = Release|Any CPU
	EndGlobalSection
	GlobalSection(ProjectConfigurationPlatforms) = postSolution
		{43C4F4D4-8AC8-4EC2-8E16-AC3BEF343CD1}.Debug|Any CPU.ActiveCfg = Debug|Any CPU
		{43C4F4D4-8AC8-4EC2-8E16-AC3BEF343CD1}.Debug|Any CPU.Build.0 = Debug|Any CPU
		{43C4F4D4-8AC8-4EC2-8E16-AC3BEF343CD1}.Release|Any CPU.ActiveCfg = Release|Any CPU
		{43C4F4D4-8AC8-4EC2-8E16-AC3BEF343CD1}.Release|Any CPU.Build.0 = Release|Any CPU
	EndGlobalSection
	GlobalSection(SolutionProperties) = preSolution
		HideSolutionNode = FALSE
	EndGlobalSection
	GlobalSection(ExtensibilityGlobals) = postSolution
		SolutionGuid = {4DA96714-443A-4AD5-8ACC-055481D03582}
	EndGlobalSection
EndGlobal
