
Microsoft Visual Studio Solution File, Format Version 12.00
# Visual Studio Version 16
VisualStudioVersion = 16.0.30804.86
MinimumVisualStudioVersion = 10.0.40219.1
Project("{FAE04EC0-301F-11D3-BF4B-00C04F79EFBC}") = "KiuasHarjoitus", "KiuasHarjoitus\KiuasHarjoitus.csproj", "{AC523204-7673-45D0-A037-03F6EFCC028C}"
EndProject
Global
	GlobalSection(SolutionConfigurationPlatforms) = preSolution
		Debug|Any CPU = Debug|Any CPU
		Release|Any CPU = Release|Any CPU
	EndGlobalSection
	GlobalSection(ProjectConfigurationPlatforms) = postSolution
		{AC523204-7673-45D0-A037-03F6EFCC028C}.Debug|Any CPU.ActiveCfg = Debug|Any CPU
		{AC523204-7673-45D0-A037-03F6EFCC028C}.Debug|Any CPU.Build.0 = Debug|Any CPU
		{AC523204-7673-45D0-A037-03F6EFCC028C}.Release|Any CPU.ActiveCfg = Release|Any CPU
		{AC523204-7673-45D0-A037-03F6EFCC028C}.Release|Any CPU.Build.0 = Release|Any CPU
	EndGlobalSection
	GlobalSection(SolutionProperties) = preSolution
		HideSolutionNode = FALSE
	EndGlobalSection
	GlobalSection(ExtensibilityGlobals) = postSolution
		SolutionGuid = {F78AF8EF-947B-44A8-A95D-6AAC9D8FB959}
	EndGlobalSection
EndGlobal
